
Microsoft Visual Studio Solution File, Format Version 12.00
# Visual Studio Version 17
VisualStudioVersion = 17.14.36930.0 d17.14
MinimumVisualStudioVersion = 10.0.40219.1
Project("{FAE04EC0-301F-11D3-BF4B-00C04F79EFBC}") = "MotorcycleFactory", "MotorcycleFactory\MotorcycleFactory.csproj", "{D3A48F1C-3E2A-49FB-8755-4DF639750030}"
EndProject
Global
	GlobalSection(SolutionConfigurationPlatforms) = preSolution
		Debug|Any CPU = Debug|Any CPU
		Release|Any CPU = Release|Any CPU
	EndGlobalSection
	GlobalSection(ProjectConfigurationPlatforms) = postSolution
		{D3A48F1C-3E2A-49FB-8755-4DF639750030}.Debug|Any CPU.ActiveCfg = Debug|Any CPU
		{D3A48F1C-3E2A-49FB-8755-4DF639750030}.Debug|Any CPU.Build.0 = Debug|Any CPU
		{D3A48F1C-3E2A-49FB-8755-4DF639750030}.Release|Any CPU.ActiveCfg = Release|Any CPU
		{D3A48F1C-3E2A-49FB-8755-4DF639750030}.Release|Any CPU.Build.0 = Release|Any CPU
	EndGlobalSection
	GlobalSection(SolutionProperties) = preSolution
		HideSolutionNode = FALSE
	EndGlobalSection
	GlobalSection(ExtensibilityGlobals) = postSolution
		SolutionGuid = {F82FE5CD-838A-4C60-AF26-7A5C94770622}
	EndGlobalSection
EndGlobal
